
Microsoft Visual Studio Solution File, Format Version 12.00
# Visual Studio Version 17
VisualStudioVersion = 17.0.31903.59
MinimumVisualStudioVersion = 10.0.40219.1
Project("{FAE04EC0-301F-11D3-BF4B-00C04F79EFBC}") = "Droits", "src\Droits.csproj", "{1B20C884-FE7C-416B-99CD-E1FCD529E25A}"
EndProject
Project("{FAE04EC0-301F-11D3-BF4B-00C04F79EFBC}") = "Droits.Tests", "tests\Droits.Tests.csproj", "{F4139D51-C39C-402A-9C1E-DF17E284F54F}"
EndProject
Global
	GlobalSection(SolutionConfigurationPlatforms) = preSolution
		Debug|Any CPU = Debug|Any CPU
		Release|Any CPU = Release|Any CPU
	EndGlobalSection
	GlobalSection(SolutionProperties) = preSolution
		HideSolutionNode = FALSE
	EndGlobalSection
	GlobalSection(ProjectConfigurationPlatforms) = postSolution
		{1B20C884-FE7C-416B-99CD-E1FCD529E25A}.Debug|Any CPU.ActiveCfg = Debug|Any CPU
		{1B20C884-FE7C-416B-99CD-E1FCD529E25A}.Debug|Any CPU.Build.0 = Debug|Any CPU
		{1B20C884-FE7C-416B-99CD-E1FCD529E25A}.Release|Any CPU.ActiveCfg = Release|Any CPU
		{1B20C884-FE7C-416B-99CD-E1FCD529E25A}.Release|Any CPU.Build.0 = Release|Any CPU
		{F4139D51-C39C-402A-9C1E-DF17E284F54F}.Debug|Any CPU.ActiveCfg = Debug|Any CPU
		{F4139D51-C39C-402A-9C1E-DF17E284F54F}.Debug|Any CPU.Build.0 = Debug|Any CPU
		{F4139D51-C39C-402A-9C1E-DF17E284F54F}.Release|Any CPU.ActiveCfg = Release|Any CPU
		{F4139D51-C39C-402A-9C1E-DF17E284F54F}.Release|Any CPU.Build.0 = Release|Any CPU
	EndGlobalSection
EndGlobal
